
Microsoft Visual Studio Solution File, Format Version 12.00
# Visual Studio Version 17
VisualStudioVersion = 17.5.33516.290
MinimumVisualStudioVersion = 10.0.40219.1
Project("{FAE04EC0-301F-11D3-BF4B-00C04F79EFBC}") = "SzyfrPolibuszaWPF", "SzyfrPolibuszaWPF.csproj", "{8FE97294-0644-41A4-AF40-0E0EEE9E6F36}"
EndProject
Global
	GlobalSection(SolutionConfigurationPlatforms) = preSolution
		Debug|Any CPU = Debug|Any CPU
		Release|Any CPU = Release|Any CPU
	EndGlobalSection
	GlobalSection(ProjectConfigurationPlatforms) = postSolution
		{8FE97294-0644-41A4-AF40-0E0EEE9E6F36}.Debug|Any CPU.ActiveCfg = Debug|Any CPU
		{8FE97294-0644-41A4-AF40-0E0EEE9E6F36}.Debug|Any CPU.Build.0 = Debug|Any CPU
		{8FE97294-0644-41A4-AF40-0E0EEE9E6F36}.Release|Any CPU.ActiveCfg = Release|Any CPU
		{8FE97294-0644-41A4-AF40-0E0EEE9E6F36}.Release|Any CPU.Build.0 = Release|Any CPU
	EndGlobalSection
	GlobalSection(SolutionProperties) = preSolution
		HideSolutionNode = FALSE
	EndGlobalSection
	GlobalSection(ExtensibilityGlobals) = postSolution
		SolutionGuid = {CD48ECC8-CFD5-4BBB-B789-4E95813E396E}
	EndGlobalSection
EndGlobal
